
Microsoft Visual Studio Solution File, Format Version 12.00
# Visual Studio Version 16
VisualStudioVersion = 16.0.29209.62
MinimumVisualStudioVersion = 10.0.40219.1
Project("{9A19103F-16F7-4668-BE54-9A1E7A4F7556}") = "InstagramFollowerBot", "InstagramFollowerBot.csproj", "{9DAA441D-D623-4AC6-A2D2-0D6BF300E5B8}"
EndProject
Global
	GlobalSection(SolutionConfigurationPlatforms) = preSolution
		Debug|Any CPU = Debug|Any CPU
		Release|Any CPU = Release|Any CPU
	EndGlobalSection
	GlobalSection(ProjectConfigurationPlatforms) = postSolution
		{9DAA441D-D623-4AC6-A2D2-0D6BF300E5B8}.Debug|Any CPU.ActiveCfg = Debug|Any CPU
		{9DAA441D-D623-4AC6-A2D2-0D6BF300E5B8}.Debug|Any CPU.Build.0 = Debug|Any CPU
		{9DAA441D-D623-4AC6-A2D2-0D6BF300E5B8}.Release|Any CPU.ActiveCfg = Release|Any CPU
		{9DAA441D-D623-4AC6-A2D2-0D6BF300E5B8}.Release|Any CPU.Build.0 = Release|Any CPU
	EndGlobalSection
	GlobalSection(SolutionProperties) = preSolution
		HideSolutionNode = FALSE
	EndGlobalSection
	GlobalSection(ExtensibilityGlobals) = postSolution
		SolutionGuid = {E7C95A3D-E529-4334-B938-B0B6BB3AA5D5}
	EndGlobalSection
EndGlobal
